// !$*UTF8*$!
{
	archiveVersion = 1;
	classes = {
	};
	objectVersion = 48;
	objects = {

/* Begin PBXBuildFile section */
		E34BCD491F73D49200CCA755 /* AppDelegate.swift in Sources */ = {isa = PBXBuildFile; fileRef = E34BCD481F73D49200CCA755 /* AppDelegate.swift */; };
		E34BCD4B1F73D49200CCA755 /* ViewController.swift in Sources */ = {isa = PBXBuildFile; fileRef = E34BCD4A1F73D49200CCA755 /* ViewController.swift */; };
		E34BCD4E1F73D49200CCA755 /* Main.storyboard in Resources */ = {isa = PBXBuildFile; fileRef = E34BCD4C1F73D49200CCA755 /* Main.storyboard */; };
		E34BCD501F73D49200CCA755 /* Assets.xcassets in Resources */ = {isa = PBXBuildFile; fileRef = E34BCD4F1F73D49200CCA755 /* Assets.xcassets */; };
		E34BCD531F73D49200CCA755 /* LaunchScreen.storyboard in Resources */ = {isa = PBXBuildFile; fileRef = E34BCD511F73D49200CCA755 /* LaunchScreen.storyboard */; };
		E34BCD5B1F73D56E00CCA755 /* ParFunView.swift in Sources */ = {isa = PBXBuildFile; fileRef = E34BCD5A1F73D56E00CCA755 /* ParFunView.swift */; };
		E350ADCA1F7D073900190700 /* TankModel.swift in Sources */ = {isa = PBXBuildFile; fileRef = E350ADC91F7D073900190700 /* TankModel.swift */; };
		E350ADCC1F7D0AB000190700 /* TrayectoryModel.swift in Sources */ = {isa = PBXBuildFile; fileRef = E350ADCB1F7D0AB000190700 /* TrayectoryModel.swift */; };
/* End PBXBuildFile section */

/* Begin PBXFileReference section */
		E34BCD451F73D49200CCA755 /* practica2.app */ = {isa = PBXFileReference; explicitFileType = wrapper.application; includeInIndex = 0; path = practica2.app; sourceTree = BUILT_PRODUCTS_DIR; };
		E34BCD481F73D49200CCA755 /* AppDelegate.swift */ = {isa = PBXFileReference; lastKnownFileType = sourcecode.swift; path = AppDelegate.swift; sourceTree = "<group>"; };
		E34BCD4A1F73D49200CCA755 /* ViewController.swift */ = {isa = PBXFileReference; lastKnownFileType = sourcecode.swift; path = ViewController.swift; sourceTree = "<group>"; };
		E34BCD4D1F73D49200CCA755 /* Base */ = {isa = PBXFileReference; lastKnownFileType = file.storyboard; name = Base; path = Base.lproj/Main.storyboard; sourceTree = "<group>"; };
		E34BCD4F1F73D49200CCA755 /* Assets.xcassets */ = {isa = PBXFileReference; lastKnownFileType = folder.assetcatalog; path = Assets.xcassets; sourceTree = "<group>"; };
		E34BCD521F73D49200CCA755 /* Base */ = {isa = PBXFileReference; lastKnownFileType = file.storyboard; name = Base; path = Base.lproj/LaunchScreen.storyboard; sourceTree = "<group>"; };
		E34BCD541F73D49200CCA755 /* Info.plist */ = {isa = PBXFileReference; lastKnownFileType = text.plist.xml; path = Info.plist; sourceTree = "<group>"; };
		E34BCD5A1F73D56E00CCA755 /* ParFunView.swift */ = {isa = PBXFileReference; lastKnownFileType = sourcecode.swift; path = ParFunView.swift; sourceTree = "<group>"; };
		E350ADC91F7D073900190700 /* TankModel.swift */ = {isa = PBXFileReference; lastKnownFileType = sourcecode.swift; path = TankModel.swift; sourceTree = "<group>"; };
		E350ADCB1F7D0AB000190700 /* TrayectoryModel.swift */ = {isa = PBXFileReference; lastKnownFileType = sourcecode.swift; path = TrayectoryModel.swift; sourceTree = "<group>"; };
/* End PBXFileReference section */

/* Begin PBXFrameworksBuildPhase section */
		E34BCD421F73D49200CCA755 /* Frameworks */ = {
			isa = PBXFrameworksBuildPhase;
			buildActionMask = 2147483647;
			files = (
			);
			runOnlyForDeploymentPostprocessing = 0;
		};
/* End PBXFrameworksBuildPhase section */

/* Begin PBXGroup section */
		E34BCD3C1F73D49200CCA755 = {
			isa = PBXGroup;
			children = (
				E34BCD471F73D49200CCA755 /* practica2 */,
				E34BCD461F73D49200CCA755 /* Products */,
			);
			sourceTree = "<group>";
		};
		E34BCD461F73D49200CCA755 /* Products */ = {
			isa = PBXGroup;
			children = (
				E34BCD451F73D49200CCA755 /* practica2.app */,
			);
			name = Products;
			sourceTree = "<group>";
		};
		E34BCD471F73D49200CCA755 /* practica2 */ = {
			isa = PBXGroup;
			children = (
				E34BCD481F73D49200CCA755 /* AppDelegate.swift */,
				E34BCD5A1F73D56E00CCA755 /* ParFunView.swift */,
				E34BCD4A1F73D49200CCA755 /* ViewController.swift */,
				E34BCD4C1F73D49200CCA755 /* Main.storyboard */,
				E34BCD4F1F73D49200CCA755 /* Assets.xcassets */,
				E34BCD511F73D49200CCA755 /* LaunchScreen.storyboard */,
				E34BCD541F73D49200CCA755 /* Info.plist */,
				E350ADC91F7D073900190700 /* TankModel.swift */,
				E350ADCB1F7D0AB000190700 /* TrayectoryModel.swift */,
			);
			path = practica2;
			sourceTree = "<group>";
		};
/* End PBXGroup section */

/* Begin PBXNativeTarget section */
		E34BCD441F73D49200CCA755 /* practica2 */ = {
			isa = PBXNativeTarget;
			buildConfigurationList = E34BCD571F73D49200CCA755 /* Build configuration list for PBXNativeTarget "practica2" */;
			buildPhases = (
				E34BCD411F73D49200CCA755 /* Sources */,
				E34BCD421F73D49200CCA755 /* Frameworks */,
				E34BCD431F73D49200CCA755 /* Resources */,
			);
			buildRules = (
			);
			dependencies = (
			);
			name = practica2;
			productName = practica2;
			productReference = E34BCD451F73D49200CCA755 /* practica2.app */;
			productType = "com.apple.product-type.application";
		};
/* End PBXNativeTarget section */

/* Begin PBXProject section */
		E34BCD3D1F73D49200CCA755 /* Project object */ = {
			isa = PBXProject;
			attributes = {
				LastSwiftUpdateCheck = 0900;
				LastUpgradeCheck = 0900;
				ORGANIZATIONNAME = "Alejandro y Gonzalo";
				TargetAttributes = {
					E34BCD441F73D49200CCA755 = {
						CreatedOnToolsVersion = 9.0;
						ProvisioningStyle = Automatic;
					};
				};
			};
			buildConfigurationList = E34BCD401F73D49200CCA755 /* Build configuration list for PBXProject "practica2" */;
			compatibilityVersion = "Xcode 8.0";
			developmentRegion = en;
			hasScannedForEncodings = 0;
			knownRegions = (
				en,
				Base,
			);
			mainGroup = E34BCD3C1F73D49200CCA755;
			productRefGroup = E34BCD461F73D49200CCA755 /* Products */;
			projectDirPath = "";
			projectRoot = "";
			targets = (
				E34BCD441F73D49200CCA755 /* practica2 */,
			);
		};
/* End PBXProject section */

/* Begin PBXResourcesBuildPhase section */
		E34BCD431F73D49200CCA755 /* Resources */ = {
			isa = PBXResourcesBuildPhase;
			buildActionMask = 2147483647;
			files = (
				E34BCD531F73D49200CCA755 /* LaunchScreen.storyboard in Resources */,
				E34BCD501F73D49200CCA755 /* Assets.xcassets in Resources */,
				E34BCD4E1F73D49200CCA755 /* Main.storyboard in Resources */,
			);
			runOnlyForDeploymentPostprocessing = 0;
		};
/* End PBXResourcesBuildPhase section */

/* Begin PBXSourcesBuildPhase section */
		E34BCD411F73D49200CCA755 /* Sources */ = {
			isa = PBXSourcesBuildPhase;
			buildActionMask = 2147483647;
			files = (
				E34BCD4B1F73D49200CCA755 /* ViewController.swift in Sources */,
				E350ADCA1F7D073900190700 /* TankModel.swift in Sources */,
				E350ADCC1F7D0AB000190700 /* TrayectoryModel.swift in Sources */,
				E34BCD5B1F73D56E00CCA755 /* ParFunView.swift in Sources */,
				E34BCD491F73D49200CCA755 /* AppDelegate.swift in Sources */,
			);
			runOnlyForDeploymentPostprocessing = 0;
		};
/* End PBXSourcesBuildPhase section */

/* Begin PBXVariantGroup section */
		E34BCD4C1F73D49200CCA755 /* Main.storyboard */ = {
			isa = PBXVariantGroup;
			children = (
				E34BCD4D1F73D49200CCA755 /* Base */,
			);
			name = Main.storyboard;
			sourceTree = "<group>";
		};
		E34BCD511F73D49200CCA755 /* LaunchScreen.storyboard */ = {
			isa = PBXVariantGroup;
			children = (
				E34BCD521F73D49200CCA755 /* Base */,
			);
			name = LaunchScreen.storyboard;
			sourceTree = "<group>";
		};
/* End PBXVariantGroup section */

/* Begin XCBuildConfiguration section */
		E34BCD551F73D49200CCA755 /* Debug */ = {
			isa = XCBuildConfiguration;
			buildSettings = {
				ALWAYS_SEARCH_USER_PATHS = NO;
				CLANG_ANALYZER_NONNULL = YES;
				CLANG_ANALYZER_NUMBER_OBJECT_CONVERSION = YES_AGGRESSIVE;
				CLANG_CXX_LANGUAGE_STANDARD = "gnu++14";
				CLANG_CXX_LIBRARY = "libc++";
				CLANG_ENABLE_MODULES = YES;
				CLANG_ENABLE_OBJC_ARC = YES;
				CLANG_WARN_BLOCK_CAPTURE_AUTORELEASING = YES;
				CLANG_WARN_BOOL_CONVERSION = YES;
				CLANG_WARN_COMMA = YES;
				CLANG_WARN_CONSTANT_CONVERSION = YES;
				CLANG_WARN_DIRECT_OBJC_ISA_USAGE = YES_ERROR;
				CLANG_WARN_DOCUMENTATION_COMMENTS = YES;
				CLANG_WARN_EMPTY_BODY = YES;
				CLANG_WARN_ENUM_CONVERSION = YES;
				CLANG_WARN_INFINITE_RECURSION = YES;
				CLANG_WARN_INT_CONVERSION = YES;
				CLANG_WARN_NON_LITERAL_NULL_CONVERSION = YES;
				CLANG_WARN_OBJC_LITERAL_CONVERSION = YES;
				CLANG_WARN_OBJC_ROOT_CLASS = YES_ERROR;
				CLANG_WARN_RANGE_LOOP_ANALYSIS = YES;
				CLANG_WARN_STRICT_PROTOTYPES = YES;
				CLANG_WARN_SUSPICIOUS_MOVE = YES;
				CLANG_WARN_UNGUARDED_AVAILABILITY = YES_AGGRESSIVE;
				CLANG_WARN_UNREACHABLE_CODE = YES;
				CLANG_WARN__DUPLICATE_METHOD_MATCH = YES;
				CODE_SIGN_IDENTITY = "iPhone Developer";
				COPY_PHASE_STRIP = NO;
				DEBUG_INFORMATION_FORMAT = dwarf;
				ENABLE_STRICT_OBJC_MSGSEND = YES;
				ENABLE_TESTABILITY = YES;
				GCC_C_LANGUAGE_STANDARD = gnu11;
				GCC_DYNAMIC_NO_PIC = NO;
				GCC_NO_COMMON_BLOCKS = YES;
				GCC_OPTIMIZATION_LEVEL = 0;
				GCC_PREPROCESSOR_DEFINITIONS = (
					"DEBUG=1",
					"$(inherited)",
				);
				GCC_WARN_64_TO_32_BIT_CONVERSION = YES;
				GCC_WARN_ABOUT_RETURN_TYPE = YES_ERROR;
				GCC_WARN_UNDECLARED_SELECTOR = YES;
				GCC_WARN_UNINITIALIZED_AUTOS = YES_AGGRESSIVE;
				GCC_WARN_UNUSED_FUNCTION = YES;
				GCC_WARN_UNUSED_VARIABLE = YES;
				IPHONEOS_DEPLOYMENT_TARGET = 11.0;
				MTL_ENABLE_DEBUG_INFO = YES;
				ONLY_ACTIVE_ARCH = YES;
				SDKROOT = iphoneos;
				SWIFT_ACTIVE_COMPILATION_CONDITIONS = DEBUG;
				SWIFT_OPTIMIZATION_LEVEL = "-Onone";
			};
			name = Debug;
		};
		E34BCD561F73D49200CCA755 /* Release */ = {
			isa = XCBuildConfiguration;
			buildSettings = {
				ALWAYS_SEARCH_USER_PATHS = NO;
				CLANG_ANALYZER_NONNULL = YES;
				CLANG_ANALYZER_NUMBER_OBJECT_CONVERSION = YES_AGGRESSIVE;
				CLANG_CXX_LANGUAGE_STANDARD = "gnu++14";
				CLANG_CXX_LIBRARY = "libc++";
				CLANG_ENABLE_MODULES = YES;
				CLANG_ENABLE_OBJC_ARC = YES;
				CLANG_WARN_BLOCK_CAPTURE_AUTORELEASING = YES;
				CLANG_WARN_BOOL_CONVERSION = YES;
				CLANG_WARN_COMMA = YES;
				CLANG_WARN_CONSTANT_CONVERSION = YES;
				CLANG_WARN_DIRECT_OBJC_ISA_USAGE = YES_ERROR;
				CLANG_WARN_DOCUMENTATION_COMMENTS = YES;
				CLANG_WARN_EMPTY_BODY = YES;
				CLANG_WARN_ENUM_CONVERSION = YES;
				CLANG_WARN_INFINITE_RECURSION = YES;
				CLANG_WARN_INT_CONVERSION = YES;
				CLANG_WARN_NON_LITERAL_NULL_CONVERSION = YES;
				CLANG_WARN_OBJC_LITERAL_CONVERSION = YES;
				CLANG_WARN_OBJC_ROOT_CLASS = YES_ERROR;
				CLANG_WARN_RANGE_LOOP_ANALYSIS = YES;
				CLANG_WARN_STRICT_PROTOTYPES = YES;
				CLANG_WARN_SUSPICIOUS_MOVE = YES;
				CLANG_WARN_UNGUARDED_AVAILABILITY = YES_AGGRESSIVE;
				CLANG_WARN_UNREACHABLE_CODE = YES;
				CLANG_WARN__DUPLICATE_METHOD_MATCH = YES;
				CODE_SIGN_IDENTITY = "iPhone Developer";
				COPY_PHASE_STRIP = NO;
				DEBUG_INFORMATION_FORMAT = "dwarf-with-dsym";
				ENABLE_NS_ASSERTIONS = NO;
				ENABLE_STRICT_OBJC_MSGSEND = YES;
				GCC_C_LANGUAGE_STANDARD = gnu11;
				GCC_NO_COMMON_BLOCKS = YES;
				GCC_WARN_64_TO_32_BIT_CONVERSION = YES;
				GCC_WARN_ABOUT_RETURN_TYPE = YES_ERROR;
				GCC_WARN_UNDECLARED_SELECTOR = YES;
				GCC_WARN_UNINITIALIZED_AUTOS = YES_AGGRESSIVE;
				GCC_WARN_UNUSED_FUNCTION = YES;
				GCC_WARN_UNUSED_VARIABLE = YES;
				IPHONEOS_DEPLOYMENT_TARGET = 11.0;
				MTL_ENABLE_DEBUG_INFO = NO;
				SDKROOT = iphoneos;
				SWIFT_OPTIMIZATION_LEVEL = "-Owholemodule";
				VALIDATE_PRODUCT = YES;
			};
			name = Release;
		};
		E34BCD581F73D49200CCA755 /* Debug */ = {
			isa = XCBuildConfiguration;
			buildSettings = {
				ASSETCATALOG_COMPILER_APPICON_NAME = AppIcon;
				CODE_SIGN_STYLE = Automatic;
				INFOPLIST_FILE = practica2/Info.plist;
				LD_RUNPATH_SEARCH_PATHS = "$(inherited) @executable_path/Frameworks";
				PRODUCT_BUNDLE_IDENTIFIER = es.upm.practica2;
				PRODUCT_NAME = "$(TARGET_NAME)";
				SWIFT_VERSION = 4.0;
				TARGETED_DEVICE_FAMILY = "1,2";
			};
			name = Debug;
		};
		E34BCD591F73D49200CCA755 /* Release */ = {
			isa = XCBuildConfiguration;
			buildSettings = {
				ASSETCATALOG_COMPILER_APPICON_NAME = AppIcon;
				CODE_SIGN_STYLE = Automatic;
				INFOPLIST_FILE = practica2/Info.plist;
				LD_RUNPATH_SEARCH_PATHS = "$(inherited) @executable_path/Frameworks";
				PRODUCT_BUNDLE_IDENTIFIER = es.upm.practica2;
				PRODUCT_NAME = "$(TARGET_NAME)";
				SWIFT_VERSION = 4.0;
				TARGETED_DEVICE_FAMILY = "1,2";
			};
			name = Release;
		};
/* End XCBuildConfiguration section */

/* Begin XCConfigurationList section */
		E34BCD401F73D49200CCA755 /* Build configuration list for PBXProject "practica2" */ = {
			isa = XCConfigurationList;
			buildConfigurations = (
				E34BCD551F73D49200CCA755 /* Debug */,
				E34BCD561F73D49200CCA755 /* Release */,
			);
			defaultConfigurationIsVisible = 0;
			defaultConfigurationName = Release;
		};
		E34BCD571F73D49200CCA755 /* Build configuration list for PBXNativeTarget "practica2" */ = {
			isa = XCConfigurationList;
			buildConfigurations = (
				E34BCD581F73D49200CCA755 /* Debug */,
				E34BCD591F73D49200CCA755 /* Release */,
			);
			defaultConfigurationIsVisible = 0;
			defaultConfigurationName = Release;
		};
/* End XCConfigurationList section */
	};
	rootObject = E34BCD3D1F73D49200CCA755 /* Project object */;
}
